
Microsoft Visual Studio Solution File, Format Version 12.00
# Visual Studio Version 17
VisualStudioVersion = 17.10.34607.79
MinimumVisualStudioVersion = 10.0.40219.1
Project("{FAE04EC0-301F-11D3-BF4B-00C04F79EFBC}") = "AdminExportViewer", "AdminExportViewer\AdminExportViewer.csproj", "{9092CA40-C905-4259-A5D2-19890BD8BEEB}"
EndProject
Global
	GlobalSection(SolutionConfigurationPlatforms) = preSolution
		Debug|Any CPU = Debug|Any CPU
		Release|Any CPU = Release|Any CPU
	EndGlobalSection
	GlobalSection(ProjectConfigurationPlatforms) = postSolution
		{9092CA40-C905-4259-A5D2-19890BD8BEEB}.Debug|Any CPU.ActiveCfg = Debug|Any CPU
		{9092CA40-C905-4259-A5D2-19890BD8BEEB}.Debug|Any CPU.Build.0 = Debug|Any CPU
		{9092CA40-C905-4259-A5D2-19890BD8BEEB}.Release|Any CPU.ActiveCfg = Release|Any CPU
		{9092CA40-C905-4259-A5D2-19890BD8BEEB}.Release|Any CPU.Build.0 = Release|Any CPU
	EndGlobalSection
	GlobalSection(SolutionProperties) = preSolution
		HideSolutionNode = FALSE
	EndGlobalSection
	GlobalSection(ExtensibilityGlobals) = postSolution
		SolutionGuid = {128C7672-71C5-4724-8ECB-81E04951950F}
	EndGlobalSection
EndGlobal
